
Microsoft Visual Studio Solution File, Format Version 12.00
# Visual Studio 15
VisualStudioVersion = 15.0.28010.2019
MinimumVisualStudioVersion = 10.0.40219.1
Project("{FAE04EC0-301F-11D3-BF4B-00C04F79EFBC}") = "task3", "task3\task3.csproj", "{741E2934-D4CB-412F-8AD0-17308384C638}"
EndProject
Global
	GlobalSection(SolutionConfigurationPlatforms) = preSolution
		Debug|Any CPU = Debug|Any CPU
		Release|Any CPU = Release|Any CPU
	EndGlobalSection
	GlobalSection(ProjectConfigurationPlatforms) = postSolution
		{741E2934-D4CB-412F-8AD0-17308384C638}.Debug|Any CPU.ActiveCfg = Debug|Any CPU
		{741E2934-D4CB-412F-8AD0-17308384C638}.Debug|Any CPU.Build.0 = Debug|Any CPU
		{741E2934-D4CB-412F-8AD0-17308384C638}.Release|Any CPU.ActiveCfg = Release|Any CPU
		{741E2934-D4CB-412F-8AD0-17308384C638}.Release|Any CPU.Build.0 = Release|Any CPU
	EndGlobalSection
	GlobalSection(SolutionProperties) = preSolution
		HideSolutionNode = FALSE
	EndGlobalSection
	GlobalSection(ExtensibilityGlobals) = postSolution
		SolutionGuid = {CB5BDC34-F4CC-462B-BD7E-6B3A4DC78974}
	EndGlobalSection
EndGlobal
